
Microsoft Visual Studio Solution File, Format Version 12.00
# Visual Studio 15
VisualStudioVersion = 15.0.26730.16
MinimumVisualStudioVersion = 10.0.40219.1
Project("{FAE04EC0-301F-11D3-BF4B-00C04F79EFBC}") = "Client", "Client\Client.csproj", "{8F5C31B8-2A28-40FC-A8BC-795B78E9664C}"
EndProject
Global
	GlobalSection(SolutionConfigurationPlatforms) = preSolution
		Debug|Any CPU = Debug|Any CPU
		Release|Any CPU = Release|Any CPU
	EndGlobalSection
	GlobalSection(ProjectConfigurationPlatforms) = postSolution
		{8F5C31B8-2A28-40FC-A8BC-795B78E9664C}.Debug|Any CPU.ActiveCfg = Debug|Any CPU
		{8F5C31B8-2A28-40FC-A8BC-795B78E9664C}.Debug|Any CPU.Build.0 = Debug|Any CPU
		{8F5C31B8-2A28-40FC-A8BC-795B78E9664C}.Release|Any CPU.ActiveCfg = Release|Any CPU
		{8F5C31B8-2A28-40FC-A8BC-795B78E9664C}.Release|Any CPU.Build.0 = Release|Any CPU
	EndGlobalSection
	GlobalSection(SolutionProperties) = preSolution
		HideSolutionNode = FALSE
	EndGlobalSection
	GlobalSection(ExtensibilityGlobals) = postSolution
		SolutionGuid = {421FD44E-D8A2-4C3E-8076-77A64C2D5134}
	EndGlobalSection
EndGlobal
