
Microsoft Visual Studio Solution File, Format Version 11.00
# Visual Studio 2010
Project("{FAE04EC0-301F-11D3-BF4B-00C04F79EFBC}") = "AsynTCPServer", "AsynTCPServer.csproj", "{020EF7FC-C38C-482B-95EA-ECB8F869C26A}"
EndProject
Global
	GlobalSection(SolutionConfigurationPlatforms) = preSolution
		Debug|x86 = Debug|x86
		Release|x86 = Release|x86
	EndGlobalSection
	GlobalSection(ProjectConfigurationPlatforms) = postSolution
		{020EF7FC-C38C-482B-95EA-ECB8F869C26A}.Debug|x86.ActiveCfg = Debug|x86
		{020EF7FC-C38C-482B-95EA-ECB8F869C26A}.Debug|x86.Build.0 = Debug|x86
		{020EF7FC-C38C-482B-95EA-ECB8F869C26A}.Release|x86.ActiveCfg = Release|x86
		{020EF7FC-C38C-482B-95EA-ECB8F869C26A}.Release|x86.Build.0 = Release|x86
	EndGlobalSection
	GlobalSection(SolutionProperties) = preSolution
		HideSolutionNode = FALSE
	EndGlobalSection
EndGlobal
